// !$*UTF8*$!
{
	archiveVersion = 1;
	classes = {
	};
	objectVersion = 55;
	objects = {

/* Begin PBXBuildFile section */
		DD3FCA6728D6AAA6002B9DC0 /* AppDelegate.swift in Sources */ = {isa = PBXBuildFile; fileRef = DD3FCA6628D6AAA6002B9DC0 /* AppDelegate.swift */; };
		DD3FCA6928D6AAA6002B9DC0 /* SceneDelegate.swift in Sources */ = {isa = PBXBuildFile; fileRef = DD3FCA6828D6AAA6002B9DC0 /* SceneDelegate.swift */; };
		DD3FCA6B28D6AAA6002B9DC0 /* ViewController.swift in Sources */ = {isa = PBXBuildFile; fileRef = DD3FCA6A28D6AAA6002B9DC0 /* ViewController.swift */; };
		DD3FCA6E28D6AAA6002B9DC0 /* Main.storyboard in Resources */ = {isa = PBXBuildFile; fileRef = DD3FCA6C28D6AAA6002B9DC0 /* Main.storyboard */; };
		DD3FCA7128D6AAA6002B9DC0 /* AlisverisSepeti.xcdatamodeld in Sources */ = {isa = PBXBuildFile; fileRef = DD3FCA6F28D6AAA6002B9DC0 /* AlisverisSepeti.xcdatamodeld */; };
		DD3FCA7328D6AAA6002B9DC0 /* Assets.xcassets in Resources */ = {isa = PBXBuildFile; fileRef = DD3FCA7228D6AAA6002B9DC0 /* Assets.xcassets */; };
		DD3FCA7628D6AAA6002B9DC0 /* LaunchScreen.storyboard in Resources */ = {isa = PBXBuildFile; fileRef = DD3FCA7428D6AAA6002B9DC0 /* LaunchScreen.storyboard */; };
		DDCA713528D6B20000AF3A30 /* DetailsViewController.swift in Sources */ = {isa = PBXBuildFile; fileRef = DDCA713428D6B20000AF3A30 /* DetailsViewController.swift */; };
/* End PBXBuildFile section */

/* Begin PBXFileReference section */
		DD3FCA6328D6AAA6002B9DC0 /* AlisverisSepeti.app */ = {isa = PBXFileReference; explicitFileType = wrapper.application; includeInIndex = 0; path = AlisverisSepeti.app; sourceTree = BUILT_PRODUCTS_DIR; };
		DD3FCA6628D6AAA6002B9DC0 /* AppDelegate.swift */ = {isa = PBXFileReference; lastKnownFileType = sourcecode.swift; path = AppDelegate.swift; sourceTree = "<group>"; };
		DD3FCA6828D6AAA6002B9DC0 /* SceneDelegate.swift */ = {isa = PBXFileReference; lastKnownFileType = sourcecode.swift; path = SceneDelegate.swift; sourceTree = "<group>"; };
		DD3FCA6A28D6AAA6002B9DC0 /* ViewController.swift */ = {isa = PBXFileReference; lastKnownFileType = sourcecode.swift; path = ViewController.swift; sourceTree = "<group>"; };
		DD3FCA6D28D6AAA6002B9DC0 /* Base */ = {isa = PBXFileReference; lastKnownFileType = file.storyboard; name = Base; path = Base.lproj/Main.storyboard; sourceTree = "<group>"; };
		DD3FCA7028D6AAA6002B9DC0 /* AlisverisSepeti.xcdatamodel */ = {isa = PBXFileReference; lastKnownFileType = wrapper.xcdatamodel; path = AlisverisSepeti.xcdatamodel; sourceTree = "<group>"; };
		DD3FCA7228D6AAA6002B9DC0 /* Assets.xcassets */ = {isa = PBXFileReference; lastKnownFileType = folder.assetcatalog; path = Assets.xcassets; sourceTree = "<group>"; };
		DD3FCA7528D6AAA6002B9DC0 /* Base */ = {isa = PBXFileReference; lastKnownFileType = file.storyboard; name = Base; path = Base.lproj/LaunchScreen.storyboard; sourceTree = "<group>"; };
		DD3FCA7728D6AAA7002B9DC0 /* Info.plist */ = {isa = PBXFileReference; lastKnownFileType = text.plist.xml; path = Info.plist; sourceTree = "<group>"; };
		DDCA713428D6B20000AF3A30 /* DetailsViewController.swift */ = {isa = PBXFileReference; lastKnownFileType = sourcecode.swift; path = DetailsViewController.swift; sourceTree = "<group>"; };
/* End PBXFileReference section */

/* Begin PBXFrameworksBuildPhase section */
		DD3FCA6028D6AAA6002B9DC0 /* Frameworks */ = {
			isa = PBXFrameworksBuildPhase;
			buildActionMask = 2147483647;
			files = (
			);
			runOnlyForDeploymentPostprocessing = 0;
		};
/* End PBXFrameworksBuildPhase section */

/* Begin PBXGroup section */
		DD3FCA5A28D6AAA6002B9DC0 = {
			isa = PBXGroup;
			children = (
				DD3FCA6528D6AAA6002B9DC0 /* AlisverisSepeti */,
				DD3FCA6428D6AAA6002B9DC0 /* Products */,
			);
			sourceTree = "<group>";
		};
		DD3FCA6428D6AAA6002B9DC0 /* Products */ = {
			isa = PBXGroup;
			children = (
				DD3FCA6328D6AAA6002B9DC0 /* AlisverisSepeti.app */,
			);
			name = Products;
			sourceTree = "<group>";
		};
		DD3FCA6528D6AAA6002B9DC0 /* AlisverisSepeti */ = {
			isa = PBXGroup;
			children = (
				DD3FCA6628D6AAA6002B9DC0 /* AppDelegate.swift */,
				DD3FCA6828D6AAA6002B9DC0 /* SceneDelegate.swift */,
				DD3FCA6A28D6AAA6002B9DC0 /* ViewController.swift */,
				DDCA713428D6B20000AF3A30 /* DetailsViewController.swift */,
				DD3FCA6C28D6AAA6002B9DC0 /* Main.storyboard */,
				DD3FCA7228D6AAA6002B9DC0 /* Assets.xcassets */,
				DD3FCA7428D6AAA6002B9DC0 /* LaunchScreen.storyboard */,
				DD3FCA7728D6AAA7002B9DC0 /* Info.plist */,
				DD3FCA6F28D6AAA6002B9DC0 /* AlisverisSepeti.xcdatamodeld */,
			);
			path = AlisverisSepeti;
			sourceTree = "<group>";
		};
/* End PBXGroup section */

/* Begin PBXNativeTarget section */
		DD3FCA6228D6AAA6002B9DC0 /* AlisverisSepeti */ = {
			isa = PBXNativeTarget;
			buildConfigurationList = DD3FCA7A28D6AAA7002B9DC0 /* Build configuration list for PBXNativeTarget "AlisverisSepeti" */;
			buildPhases = (
				DD3FCA5F28D6AAA6002B9DC0 /* Sources */,
				DD3FCA6028D6AAA6002B9DC0 /* Frameworks */,
				DD3FCA6128D6AAA6002B9DC0 /* Resources */,
			);
			buildRules = (
			);
			dependencies = (
			);
			name = AlisverisSepeti;
			productName = AlisverisSepeti;
			productReference = DD3FCA6328D6AAA6002B9DC0 /* AlisverisSepeti.app */;
			productType = "com.apple.product-type.application";
		};
/* End PBXNativeTarget section */

/* Begin PBXProject section */
		DD3FCA5B28D6AAA6002B9DC0 /* Project object */ = {
			isa = PBXProject;
			attributes = {
				BuildIndependentTargetsInParallel = 1;
				LastSwiftUpdateCheck = 1340;
				LastUpgradeCheck = 1340;
				TargetAttributes = {
					DD3FCA6228D6AAA6002B9DC0 = {
						CreatedOnToolsVersion = 13.4.1;
					};
				};
			};
			buildConfigurationList = DD3FCA5E28D6AAA6002B9DC0 /* Build configuration list for PBXProject "AlisverisSepeti" */;
			compatibilityVersion = "Xcode 13.0";
			developmentRegion = en;
			hasScannedForEncodings = 0;
			knownRegions = (
				en,
				Base,
			);
			mainGroup = DD3FCA5A28D6AAA6002B9DC0;
			productRefGroup = DD3FCA6428D6AAA6002B9DC0 /* Products */;
			projectDirPath = "";
			projectRoot = "";
			targets = (
				DD3FCA6228D6AAA6002B9DC0 /* AlisverisSepeti */,
			);
		};
/* End PBXProject section */

/* Begin PBXResourcesBuildPhase section */
		DD3FCA6128D6AAA6002B9DC0 /* Resources */ = {
			isa = PBXResourcesBuildPhase;
			buildActionMask = 2147483647;
			files = (
				DD3FCA7628D6AAA6002B9DC0 /* LaunchScreen.storyboard in Resources */,
				DD3FCA7328D6AAA6002B9DC0 /* Assets.xcassets in Resources */,
				DD3FCA6E28D6AAA6002B9DC0 /* Main.storyboard in Resources */,
			);
			runOnlyForDeploymentPostprocessing = 0;
		};
/* End PBXResourcesBuildPhase section */

/* Begin PBXSourcesBuildPhase section */
		DD3FCA5F28D6AAA6002B9DC0 /* Sources */ = {
			isa = PBXSourcesBuildPhase;
			buildActionMask = 2147483647;
			files = (
				DD3FCA7128D6AAA6002B9DC0 /* AlisverisSepeti.xcdatamodeld in Sources */,
				DD3FCA6B28D6AAA6002B9DC0 /* ViewController.swift in Sources */,
				DD3FCA6728D6AAA6002B9DC0 /* AppDelegate.swift in Sources */,
				DD3FCA6928D6AAA6002B9DC0 /* SceneDelegate.swift in Sources */,
				DDCA713528D6B20000AF3A30 /* DetailsViewController.swift in Sources */,
			);
			runOnlyForDeploymentPostprocessing = 0;
		};
/* End PBXSourcesBuildPhase section */

/* Begin PBXVariantGroup section */
		DD3FCA6C28D6AAA6002B9DC0 /* Main.storyboard */ = {
			isa = PBXVariantGroup;
			children = (
				DD3FCA6D28D6AAA6002B9DC0 /* Base */,
			);
			name = Main.storyboard;
			sourceTree = "<group>";
		};
		DD3FCA7428D6AAA6002B9DC0 /* LaunchScreen.storyboard */ = {
			isa = PBXVariantGroup;
			children = (
				DD3FCA7528D6AAA6002B9DC0 /* Base */,
			);
			name = LaunchScreen.storyboard;
			sourceTree = "<group>";
		};
/* End PBXVariantGroup section */

/* Begin XCBuildConfiguration section */
		DD3FCA7828D6AAA7002B9DC0 /* Debug */ = {
			isa = XCBuildConfiguration;
			buildSettings = {
				ALWAYS_SEARCH_USER_PATHS = NO;
				CLANG_ANALYZER_NONNULL = YES;
				CLANG_ANALYZER_NUMBER_OBJECT_CONVERSION = YES_AGGRESSIVE;
				CLANG_CXX_LANGUAGE_STANDARD = "gnu++17";
				CLANG_ENABLE_MODULES = YES;
				CLANG_ENABLE_OBJC_ARC = YES;
				CLANG_ENABLE_OBJC_WEAK = YES;
				CLANG_WARN_BLOCK_CAPTURE_AUTORELEASING = YES;
				CLANG_WARN_BOOL_CONVERSION = YES;
				CLANG_WARN_COMMA = YES;
				CLANG_WARN_CONSTANT_CONVERSION = YES;
				CLANG_WARN_DEPRECATED_OBJC_IMPLEMENTATIONS = YES;
				CLANG_WARN_DIRECT_OBJC_ISA_USAGE = YES_ERROR;
				CLANG_WARN_DOCUMENTATION_COMMENTS = YES;
				CLANG_WARN_EMPTY_BODY = YES;
				CLANG_WARN_ENUM_CONVERSION = YES;
				CLANG_WARN_INFINITE_RECURSION = YES;
				CLANG_WARN_INT_CONVERSION = YES;
				CLANG_WARN_NON_LITERAL_NULL_CONVERSION = YES;
				CLANG_WARN_OBJC_IMPLICIT_RETAIN_SELF = YES;
				CLANG_WARN_OBJC_LITERAL_CONVERSION = YES;
				CLANG_WARN_OBJC_ROOT_CLASS = YES_ERROR;
				CLANG_WARN_QUOTED_INCLUDE_IN_FRAMEWORK_HEADER = YES;
				CLANG_WARN_RANGE_LOOP_ANALYSIS = YES;
				CLANG_WARN_STRICT_PROTOTYPES = YES;
				CLANG_WARN_SUSPICIOUS_MOVE = YES;
				CLANG_WARN_UNGUARDED_AVAILABILITY = YES_AGGRESSIVE;
				CLANG_WARN_UNREACHABLE_CODE = YES;
				CLANG_WARN__DUPLICATE_METHOD_MATCH = YES;
				COPY_PHASE_STRIP = NO;
				DEBUG_INFORMATION_FORMAT = dwarf;
				ENABLE_STRICT_OBJC_MSGSEND = YES;
				ENABLE_TESTABILITY = YES;
				GCC_C_LANGUAGE_STANDARD = gnu11;
				GCC_DYNAMIC_NO_PIC = NO;
				GCC_NO_COMMON_BLOCKS = YES;
				GCC_OPTIMIZATION_LEVEL = 0;
				GCC_PREPROCESSOR_DEFINITIONS = (
					"DEBUG=1",
					"$(inherited)",
				);
				GCC_WARN_64_TO_32_BIT_CONVERSION = YES;
				GCC_WARN_ABOUT_RETURN_TYPE = YES_ERROR;
				GCC_WARN_UNDECLARED_SELECTOR = YES;
				GCC_WARN_UNINITIALIZED_AUTOS = YES_AGGRESSIVE;
				GCC_WARN_UNUSED_FUNCTION = YES;
				GCC_WARN_UNUSED_VARIABLE = YES;
				IPHONEOS_DEPLOYMENT_TARGET = 15.5;
				MTL_ENABLE_DEBUG_INFO = INCLUDE_SOURCE;
				MTL_FAST_MATH = YES;
				ONLY_ACTIVE_ARCH = YES;
				SDKROOT = iphoneos;
				SWIFT_ACTIVE_COMPILATION_CONDITIONS = DEBUG;
				SWIFT_OPTIMIZATION_LEVEL = "-Onone";
			};
			name = Debug;
		};
		DD3FCA7928D6AAA7002B9DC0 /* Release */ = {
			isa = XCBuildConfiguration;
			buildSettings = {
				ALWAYS_SEARCH_USER_PATHS = NO;
				CLANG_ANALYZER_NONNULL = YES;
				CLANG_ANALYZER_NUMBER_OBJECT_CONVERSION = YES_AGGRESSIVE;
				CLANG_CXX_LANGUAGE_STANDARD = "gnu++17";
				CLANG_ENABLE_MODULES = YES;
				CLANG_ENABLE_OBJC_ARC = YES;
				CLANG_ENABLE_OBJC_WEAK = YES;
				CLANG_WARN_BLOCK_CAPTURE_AUTORELEASING = YES;
				CLANG_WARN_BOOL_CONVERSION = YES;
				CLANG_WARN_COMMA = YES;
				CLANG_WARN_CONSTANT_CONVERSION = YES;
				CLANG_WARN_DEPRECATED_OBJC_IMPLEMENTATIONS = YES;
				CLANG_WARN_DIRECT_OBJC_ISA_USAGE = YES_ERROR;
				CLANG_WARN_DOCUMENTATION_COMMENTS = YES;
				CLANG_WARN_EMPTY_BODY = YES;
				CLANG_WARN_ENUM_CONVERSION = YES;
				CLANG_WARN_INFINITE_RECURSION = YES;
				CLANG_WARN_INT_CONVERSION = YES;
				CLANG_WARN_NON_LITERAL_NULL_CONVERSION = YES;
				CLANG_WARN_OBJC_IMPLICIT_RETAIN_SELF = YES;
				CLANG_WARN_OBJC_LITERAL_CONVERSION = YES;
				CLANG_WARN_OBJC_ROOT_CLASS = YES_ERROR;
				CLANG_WARN_QUOTED_INCLUDE_IN_FRAMEWORK_HEADER = YES;
				CLANG_WARN_RANGE_LOOP_ANALYSIS = YES;
				CLANG_WARN_STRICT_PROTOTYPES = YES;
				CLANG_WARN_SUSPICIOUS_MOVE = YES;
				CLANG_WARN_UNGUARDED_AVAILABILITY = YES_AGGRESSIVE;
				CLANG_WARN_UNREACHABLE_CODE = YES;
				CLANG_WARN__DUPLICATE_METHOD_MATCH = YES;
				COPY_PHASE_STRIP = NO;
				DEBUG_INFORMATION_FORMAT = "dwarf-with-dsym";
				ENABLE_NS_ASSERTIONS = NO;
				ENABLE_STRICT_OBJC_MSGSEND = YES;
				GCC_C_LANGUAGE_STANDARD = gnu11;
				GCC_NO_COMMON_BLOCKS = YES;
				GCC_WARN_64_TO_32_BIT_CONVERSION = YES;
				GCC_WARN_ABOUT_RETURN_TYPE = YES_ERROR;
				GCC_WARN_UNDECLARED_SELECTOR = YES;
				GCC_WARN_UNINITIALIZED_AUTOS = YES_AGGRESSIVE;
				GCC_WARN_UNUSED_FUNCTION = YES;
				GCC_WARN_UNUSED_VARIABLE = YES;
				IPHONEOS_DEPLOYMENT_TARGET = 15.5;
				MTL_ENABLE_DEBUG_INFO = NO;
				MTL_FAST_MATH = YES;
				SDKROOT = iphoneos;
				SWIFT_COMPILATION_MODE = wholemodule;
				SWIFT_OPTIMIZATION_LEVEL = "-O";
				VALIDATE_PRODUCT = YES;
			};
			name = Release;
		};
		DD3FCA7B28D6AAA7002B9DC0 /* Debug */ = {
			isa = XCBuildConfiguration;
			buildSettings = {
				ASSETCATALOG_COMPILER_APPICON_NAME = AppIcon;
				ASSETCATALOG_COMPILER_GLOBAL_ACCENT_COLOR_NAME = AccentColor;
				CODE_SIGN_STYLE = Automatic;
				CURRENT_PROJECT_VERSION = 1;
				DEVELOPMENT_TEAM = NCV4H95N96;
				GENERATE_INFOPLIST_FILE = YES;
				INFOPLIST_FILE = AlisverisSepeti/Info.plist;
				INFOPLIST_KEY_UIApplicationSupportsIndirectInputEvents = YES;
				INFOPLIST_KEY_UILaunchStoryboardName = LaunchScreen;
				INFOPLIST_KEY_UIMainStoryboardFile = Main;
				INFOPLIST_KEY_UISupportedInterfaceOrientations_iPad = "UIInterfaceOrientationPortrait UIInterfaceOrientationPortraitUpsideDown UIInterfaceOrientationLandscapeLeft UIInterfaceOrientationLandscapeRight";
				INFOPLIST_KEY_UISupportedInterfaceOrientations_iPhone = "UIInterfaceOrientationPortrait UIInterfaceOrientationLandscapeLeft UIInterfaceOrientationLandscapeRight";
				LD_RUNPATH_SEARCH_PATHS = (
					"$(inherited)",
					"@executable_path/Frameworks",
				);
				MARKETING_VERSION = 1.0;
				PRODUCT_BUNDLE_IDENTIFIER = com.berketopcu.AlisverisSepeti;
				PRODUCT_NAME = "$(TARGET_NAME)";
				SWIFT_EMIT_LOC_STRINGS = YES;
				SWIFT_VERSION = 5.0;
				TARGETED_DEVICE_FAMILY = "1,2";
			};
			name = Debug;
		};
		DD3FCA7C28D6AAA7002B9DC0 /* Release */ = {
			isa = XCBuildConfiguration;
			buildSettings = {
				ASSETCATALOG_COMPILER_APPICON_NAME = AppIcon;
				ASSETCATALOG_COMPILER_GLOBAL_ACCENT_COLOR_NAME = AccentColor;
				CODE_SIGN_STYLE = Automatic;
				CURRENT_PROJECT_VERSION = 1;
				DEVELOPMENT_TEAM = NCV4H95N96;
				GENERATE_INFOPLIST_FILE = YES;
				INFOPLIST_FILE = AlisverisSepeti/Info.plist;
				INFOPLIST_KEY_UIApplicationSupportsIndirectInputEvents = YES;
				INFOPLIST_KEY_UILaunchStoryboardName = LaunchScreen;
				INFOPLIST_KEY_UIMainStoryboardFile = Main;
				INFOPLIST_KEY_UISupportedInterfaceOrientations_iPad = "UIInterfaceOrientationPortrait UIInterfaceOrientationPortraitUpsideDown UIInterfaceOrientationLandscapeLeft UIInterfaceOrientationLandscapeRight";
				INFOPLIST_KEY_UISupportedInterfaceOrientations_iPhone = "UIInterfaceOrientationPortrait UIInterfaceOrientationLandscapeLeft UIInterfaceOrientationLandscapeRight";
				LD_RUNPATH_SEARCH_PATHS = (
					"$(inherited)",
					"@executable_path/Frameworks",
				);
				MARKETING_VERSION = 1.0;
				PRODUCT_BUNDLE_IDENTIFIER = com.berketopcu.AlisverisSepeti;
				PRODUCT_NAME = "$(TARGET_NAME)";
				SWIFT_EMIT_LOC_STRINGS = YES;
				SWIFT_VERSION = 5.0;
				TARGETED_DEVICE_FAMILY = "1,2";
			};
			name = Release;
		};
/* End XCBuildConfiguration section */

/* Begin XCConfigurationList section */
		DD3FCA5E28D6AAA6002B9DC0 /* Build configuration list for PBXProject "AlisverisSepeti" */ = {
			isa = XCConfigurationList;
			buildConfigurations = (
				DD3FCA7828D6AAA7002B9DC0 /* Debug */,
				DD3FCA7928D6AAA7002B9DC0 /* Release */,
			);
			defaultConfigurationIsVisible = 0;
			defaultConfigurationName = Release;
		};
		DD3FCA7A28D6AAA7002B9DC0 /* Build configuration list for PBXNativeTarget "AlisverisSepeti" */ = {
			isa = XCConfigurationList;
			buildConfigurations = (
				DD3FCA7B28D6AAA7002B9DC0 /* Debug */,
				DD3FCA7C28D6AAA7002B9DC0 /* Release */,
			);
			defaultConfigurationIsVisible = 0;
			defaultConfigurationName = Release;
		};
/* End XCConfigurationList section */

/* Begin XCVersionGroup section */
		DD3FCA6F28D6AAA6002B9DC0 /* AlisverisSepeti.xcdatamodeld */ = {
			isa = XCVersionGroup;
			children = (
				DD3FCA7028D6AAA6002B9DC0 /* AlisverisSepeti.xcdatamodel */,
			);
			currentVersion = DD3FCA7028D6AAA6002B9DC0 /* AlisverisSepeti.xcdatamodel */;
			path = AlisverisSepeti.xcdatamodeld;
			sourceTree = "<group>";
			versionGroupType = wrapper.xcdatamodel;
		};
/* End XCVersionGroup section */
	};
	rootObject = DD3FCA5B28D6AAA6002B9DC0 /* Project object */;
}
